
Microsoft Visual Studio Solution File, Format Version 12.00
# Visual Studio 15
VisualStudioVersion = 15.0.28307.779
MinimumVisualStudioVersion = 10.0.40219.1
Project("{2150E333-8FDC-42A3-9474-1A3956D46DE8}") = "AltenCustomers", "AltenCustomers", "{774795D6-93EC-4804-90C0-02FA6D28F1AA}"
EndProject
Project("{2150E333-8FDC-42A3-9474-1A3956D46DE8}") = "AltenVehicles", "AltenVehicles", "{C8B49156-0C54-446D-A847-8D8AA5AA2FD9}"
	ProjectSection(SolutionItems) = preProject
		AltenVehiclesMS\Dockerfile = AltenVehiclesMS\Dockerfile
	EndProjectSection
EndProject
Project("{2150E333-8FDC-42A3-9474-1A3956D46DE8}") = "AltenHealthCheckPing", "AltenHealthCheckPing", "{EBA02934-98E6-4815-AF4A-31B0CD105381}"
EndProject
Project("{9A19103F-16F7-4668-BE54-9A1E7A4F7556}") = "AltenCustomersMS", "AltenCustomersMS\AltenCustomersMS.csproj", "{E9897234-85A2-4DEB-B05F-8C7AAB345159}"
EndProject
Project("{2150E333-8FDC-42A3-9474-1A3956D46DE8}") = "Solution Items", "Solution Items", "{323E418D-DCB1-4CA3-8710-C3BD2DE05A91}"
	ProjectSection(SolutionItems) = preProject
		.travis.yml = .travis.yml
		Dockerfile = Dockerfile
	EndProjectSection
EndProject
Project("{9A19103F-16F7-4668-BE54-9A1E7A4F7556}") = "AltenVehiclesMS", "AltenVehiclesMS\AltenVehiclesMS.csproj", "{E9E63FA4-6C8A-4A52-BA7B-BFC8693BFD3C}"
EndProject
Project("{9A19103F-16F7-4668-BE54-9A1E7A4F7556}") = "AltenCustomers.xUnitTests", "AltenCustomers.xUnitTests\AltenCustomers.xUnitTests.csproj", "{2BA0A822-EAE2-4B63-B912-DDA18BF4BF0D}"
EndProject
Project("{2150E333-8FDC-42A3-9474-1A3956D46DE8}") = "AltenMonitoring", "AltenMonitoring", "{677D6B5E-731D-4E05-B641-825BEE48286A}"
EndProject
Project("{9A19103F-16F7-4668-BE54-9A1E7A4F7556}") = "AltenMonitoringPortal", "AltenMonitoringPortal\AltenMonitoringPortal.csproj", "{055F8BB5-4E06-4150-ACF7-4B0CFC0ACE47}"
EndProject
Global
	GlobalSection(SolutionConfigurationPlatforms) = preSolution
		Debug|Any CPU = Debug|Any CPU
		Release|Any CPU = Release|Any CPU
	EndGlobalSection
	GlobalSection(ProjectConfigurationPlatforms) = postSolution
		{E9897234-85A2-4DEB-B05F-8C7AAB345159}.Debug|Any CPU.ActiveCfg = Debug|Any CPU
		{E9897234-85A2-4DEB-B05F-8C7AAB345159}.Debug|Any CPU.Build.0 = Debug|Any CPU
		{E9897234-85A2-4DEB-B05F-8C7AAB345159}.Release|Any CPU.ActiveCfg = Release|Any CPU
		{E9897234-85A2-4DEB-B05F-8C7AAB345159}.Release|Any CPU.Build.0 = Release|Any CPU
		{E9E63FA4-6C8A-4A52-BA7B-BFC8693BFD3C}.Debug|Any CPU.ActiveCfg = Debug|Any CPU
		{E9E63FA4-6C8A-4A52-BA7B-BFC8693BFD3C}.Debug|Any CPU.Build.0 = Debug|Any CPU
		{E9E63FA4-6C8A-4A52-BA7B-BFC8693BFD3C}.Release|Any CPU.ActiveCfg = Release|Any CPU
		{E9E63FA4-6C8A-4A52-BA7B-BFC8693BFD3C}.Release|Any CPU.Build.0 = Release|Any CPU
		{2BA0A822-EAE2-4B63-B912-DDA18BF4BF0D}.Debug|Any CPU.ActiveCfg = Debug|Any CPU
		{2BA0A822-EAE2-4B63-B912-DDA18BF4BF0D}.Debug|Any CPU.Build.0 = Debug|Any CPU
		{2BA0A822-EAE2-4B63-B912-DDA18BF4BF0D}.Release|Any CPU.ActiveCfg = Release|Any CPU
		{2BA0A822-EAE2-4B63-B912-DDA18BF4BF0D}.Release|Any CPU.Build.0 = Release|Any CPU
		{055F8BB5-4E06-4150-ACF7-4B0CFC0ACE47}.Debug|Any CPU.ActiveCfg = Debug|Any CPU
		{055F8BB5-4E06-4150-ACF7-4B0CFC0ACE47}.Debug|Any CPU.Build.0 = Debug|Any CPU
		{055F8BB5-4E06-4150-ACF7-4B0CFC0ACE47}.Release|Any CPU.ActiveCfg = Release|Any CPU
		{055F8BB5-4E06-4150-ACF7-4B0CFC0ACE47}.Release|Any CPU.Build.0 = Release|Any CPU
	EndGlobalSection
	GlobalSection(SolutionProperties) = preSolution
		HideSolutionNode = FALSE
	EndGlobalSection
	GlobalSection(NestedProjects) = preSolution
		{E9897234-85A2-4DEB-B05F-8C7AAB345159} = {774795D6-93EC-4804-90C0-02FA6D28F1AA}
		{E9E63FA4-6C8A-4A52-BA7B-BFC8693BFD3C} = {C8B49156-0C54-446D-A847-8D8AA5AA2FD9}
		{2BA0A822-EAE2-4B63-B912-DDA18BF4BF0D} = {774795D6-93EC-4804-90C0-02FA6D28F1AA}
		{055F8BB5-4E06-4150-ACF7-4B0CFC0ACE47} = {677D6B5E-731D-4E05-B641-825BEE48286A}
	EndGlobalSection
	GlobalSection(ExtensibilityGlobals) = postSolution
		SolutionGuid = {3D7D4E8D-FF7B-4F16-AE35-F805A553059C}
	EndGlobalSection
EndGlobal
